
Microsoft Visual Studio Solution File, Format Version 12.00
# Visual Studio Version 16
VisualStudioVersion = 16.0.32126.315
MinimumVisualStudioVersion = 10.0.40219.1
Project("{FAE04EC0-301F-11D3-BF4B-00C04F79EFBC}") = "AspAssignment", "AspAssignment.csproj", "{5CCD7D42-0ADE-46AE-A2CC-AAADFA71F31F}"
EndProject
Global
	GlobalSection(SolutionConfigurationPlatforms) = preSolution
		Debug|Any CPU = Debug|Any CPU
		Release|Any CPU = Release|Any CPU
	EndGlobalSection
	GlobalSection(ProjectConfigurationPlatforms) = postSolution
		{5CCD7D42-0ADE-46AE-A2CC-AAADFA71F31F}.Debug|Any CPU.ActiveCfg = Debug|Any CPU
		{5CCD7D42-0ADE-46AE-A2CC-AAADFA71F31F}.Debug|Any CPU.Build.0 = Debug|Any CPU
		{5CCD7D42-0ADE-46AE-A2CC-AAADFA71F31F}.Release|Any CPU.ActiveCfg = Release|Any CPU
		{5CCD7D42-0ADE-46AE-A2CC-AAADFA71F31F}.Release|Any CPU.Build.0 = Release|Any CPU
	EndGlobalSection
	GlobalSection(SolutionProperties) = preSolution
		HideSolutionNode = FALSE
	EndGlobalSection
	GlobalSection(ExtensibilityGlobals) = postSolution
		SolutionGuid = {C6A74B8C-BDC5-48AA-81A7-192A9AD1A2B8}
	EndGlobalSection
EndGlobal
